{
  "version": 4,
  "terraform_version": "1.13.3",
  "serial": 22,
  "lineage": "794f3008-0137-15dc-d416-47869f7ea20c",
  "outputs": {},
  "resources": [
    {
      "mode": "managed",
      "type": "aws_dynamodb_table",
      "name": "pl_table",
      "provider": "provider[\"registry.terraform.io/hashicorp/aws\"]",
      "instances": [
        {
          "schema_version": 1,
          "attributes": {
            "arn": "arn:aws:dynamodb:us-east-1:002378378181:table/PremierLeagueTable",
            "attribute": [
              {
                "name": "TeamName",
                "type": "S"
              }
            ],
            "billing_mode": "PAY_PER_REQUEST",
            "global_secondary_index": [],
            "hash_key": "TeamName",
            "id": "PremierLeagueTable",
            "local_secondary_index": [],
            "name": "PremierLeagueTable",
            "point_in_time_recovery": [
              {
                "enabled": false
              }
            ],
            "range_key": null,
            "read_capacity": 0,
            "replica": [],
            "restore_date_time": null,
            "restore_source_name": null,
            "restore_to_latest_time": null,
            "server_side_encryption": [],
            "stream_arn": "",
            "stream_enabled": false,
            "stream_label": "",
            "stream_view_type": "",
            "table_class": "",
            "tags": {
              "Environment": "Dev",
              "Project": "PremierLeagueDB"
            },
            "tags_all": {
              "Environment": "Dev",
              "Project": "PremierLeagueDB"
            },
            "timeouts": null,
            "ttl": [
              {
                "attribute_name": "",
                "enabled": false
              }
            ],
            "write_capacity": 0
          },
          "sensitive_attributes": [],
          "identity_schema_version": 0,
          "private": "eyJlMmJmYjczMC1lY2FhLTExZTYtOGY4OC0zNDM2M2JjN2M0YzAiOnsiY3JlYXRlIjoxODAwMDAwMDAwMDAwLCJkZWxldGUiOjYwMDAwMDAwMDAwMCwidXBkYXRlIjozNjAwMDAwMDAwMDAwfSwic2NoZW1hX3ZlcnNpb24iOiIxIn0="
        }
      ]
    },
    {
      "mode": "managed",
      "type": "aws_dynamodb_table_item",
      "name": "pl_teams",
      "provider": "provider[\"registry.terraform.io/hashicorp/aws\"]",
      "instances": [
        {
          "index_key": "Arsenal",
          "schema_version": 0,
          "attributes": {
            "hash_key": "TeamName",
            "id": "PremierLeagueTable|TeamName||Arsenal|",
            "item": "{\"BestPlayer\":{\"S\":\"Bukayo Saka\"},\"Points\":{\"N\":\"78\"},\"TeamName\":{\"S\":\"Arsenal\"}}",
            "range_key": null,
            "table_name": "PremierLeagueTable"
          },
          "sensitive_attributes": [],
          "identity_schema_version": 0,
          "private": "bnVsbA==",
          "dependencies": [
            "aws_dynamodb_table.pl_table"
          ]
        },
        {
          "index_key": "Aston Villa",
          "schema_version": 0,
          "attributes": {
            "hash_key": "TeamName",
            "id": "PremierLeagueTable|TeamName||Aston Villa|",
            "item": "{\"BestPlayer\":{\"S\":\"Emiliano Buendia\"},\"Points\":{\"N\":\"50\"},\"TeamName\":{\"S\":\"Aston Villa\"}}",
            "range_key": null,
            "table_name": "PremierLeagueTable"
          },
          "sensitive_attributes": [],
          "identity_schema_version": 0,
          "private": "bnVsbA==",
          "dependencies": [
            "aws_dynamodb_table.pl_table"
          ]
        },
        {
          "index_key": "Bournemouth",
          "schema_version": 0,
          "attributes": {
            "hash_key": "TeamName",
            "id": "PremierLeagueTable|TeamName||Bournemouth|",
            "item": "{\"BestPlayer\":{\"S\":\"Philip Billing\"},\"Points\":{\"N\":\"40\"},\"TeamName\":{\"S\":\"Bournemouth\"}}",
            "range_key": null,
            "table_name": "PremierLeagueTable"
          },
          "sensitive_attributes": [],
          "identity_schema_version": 0,
          "private": "bnVsbA==",
          "dependencies": [
            "aws_dynamodb_table.pl_table"
          ]
        },
        {
          "index_key": "Brighton",
          "schema_version": 0,
          "attributes": {
            "hash_key": "TeamName",
            "id": "PremierLeagueTable|TeamName||Brighton|",
            "item": "{\"BestPlayer\":{\"S\":\"Leandro Trossard\"},\"Points\":{\"N\":\"53\"},\"TeamName\":{\"S\":\"Brighton\"}}",
            "range_key": null,
            "table_name": "PremierLeagueTable"
          },
          "sensitive_attributes": [],
          "identity_schema_version": 0,
          "private": "bnVsbA==",
          "dependencies": [
            "aws_dynamodb_table.pl_table"
          ]
        },
        {
          "index_key": "Burnley",
          "schema_version": 0,
          "attributes": {
            "hash_key": "TeamName",
            "id": "PremierLeagueTable|TeamName||Burnley|",
            "item": "{\"BestPlayer\":{\"S\":\"Maxwel Cornet\"},\"Points\":{\"N\":\"34\"},\"TeamName\":{\"S\":\"Burnley\"}}",
            "range_key": null,
            "table_name": "PremierLeagueTable"
          },
          "sensitive_attributes": [],
          "identity_schema_version": 0,
          "private": "bnVsbA==",
          "dependencies": [
            "aws_dynamodb_table.pl_table"
          ]
        },
        {
          "index_key": "Chelsea",
          "schema_version": 0,
          "attributes": {
            "hash_key": "TeamName",
            "id": "PremierLeagueTable|TeamName||Chelsea|",
            "item": "{\"BestPlayer\":{\"S\":\"Mason Mount\"},\"Points\":{\"N\":\"60\"},\"TeamName\":{\"S\":\"Chelsea\"}}",
            "range_key": null,
            "table_name": "PremierLeagueTable"
          },
          "sensitive_attributes": [],
          "identity_schema_version": 0,
          "private": "bnVsbA==",
          "dependencies": [
            "aws_dynamodb_table.pl_table"
          ]
        },
        {
          "index_key": "Crystal Palace",
          "schema_version": 0,
          "attributes": {
            "hash_key": "TeamName",
            "id": "PremierLeagueTable|TeamName||Crystal Palace|",
            "item": "{\"BestPlayer\":{\"S\":\"Wilfried Zaha\"},\"Points\":{\"N\":\"45\"},\"TeamName\":{\"S\":\"Crystal Palace\"}}",
            "range_key": null,
            "table_name": "PremierLeagueTable"
          },
          "sensitive_attributes": [],
          "identity_schema_version": 0,
          "private": "bnVsbA==",
          "dependencies": [
            "aws_dynamodb_table.pl_table"
          ]
        },
        {
          "index_key": "Everton",
          "schema_version": 0,
          "attributes": {
            "hash_key": "TeamName",
            "id": "PremierLeagueTable|TeamName||Everton|",
            "item": "{\"BestPlayer\":{\"S\":\"Dominic Calvert-Lewin\"},\"Points\":{\"N\":\"42\"},\"TeamName\":{\"S\":\"Everton\"}}",
            "range_key": null,
            "table_name": "PremierLeagueTable"
          },
          "sensitive_attributes": [],
          "identity_schema_version": 0,
          "private": "bnVsbA==",
          "dependencies": [
            "aws_dynamodb_table.pl_table"
          ]
        },
        {
          "index_key": "Fulham",
          "schema_version": 0,
          "attributes": {
            "hash_key": "TeamName",
            "id": "PremierLeagueTable|TeamName||Fulham|",
            "item": "{\"BestPlayer\":{\"S\":\"Aleksandar Mitrovic\"},\"Points\":{\"N\":\"36\"},\"TeamName\":{\"S\":\"Fulham\"}}",
            "range_key": null,
            "table_name": "PremierLeagueTable"
          },
          "sensitive_attributes": [],
          "identity_schema_version": 0,
          "private": "bnVsbA==",
          "dependencies": [
            "aws_dynamodb_table.pl_table"
          ]
        },
        {
          "index_key": "Leicester",
          "schema_version": 0,
          "attributes": {
            "hash_key": "TeamName",
            "id": "PremierLeagueTable|TeamName||Leicester|",
            "item": "{\"BestPlayer\":{\"S\":\"James Maddison\"},\"Points\":{\"N\":\"47\"},\"TeamName\":{\"S\":\"Leicester\"}}",
            "range_key": null,
            "table_name": "PremierLeagueTable"
          },
          "sensitive_attributes": [],
          "identity_schema_version": 0,
          "private": "bnVsbA==",
          "dependencies": [
            "aws_dynamodb_table.pl_table"
          ]
        },
        {
          "index_key": "Liverpool",
          "schema_version": 0,
          "attributes": {
            "hash_key": "TeamName",
            "id": "PremierLeagueTable|TeamName||Liverpool|",
            "item": "{\"BestPlayer\":{\"S\":\"Mohamed Salah\"},\"Points\":{\"N\":\"70\"},\"TeamName\":{\"S\":\"Liverpool\"}}",
            "range_key": null,
            "table_name": "PremierLeagueTable"
          },
          "sensitive_attributes": [],
          "identity_schema_version": 0,
          "private": "bnVsbA==",
          "dependencies": [
            "aws_dynamodb_table.pl_table"
          ]
        },
        {
          "index_key": "Manchester City",
          "schema_version": 0,
          "attributes": {
            "hash_key": "TeamName",
            "id": "PremierLeagueTable|TeamName||Manchester City|",
            "item": "{\"BestPlayer\":{\"S\":\"Erling Haaland\"},\"Points\":{\"N\":\"81\"},\"TeamName\":{\"S\":\"Manchester City\"}}",
            "range_key": null,
            "table_name": "PremierLeagueTable"
          },
          "sensitive_attributes": [],
          "identity_schema_version": 0,
          "private": "bnVsbA==",
          "dependencies": [
            "aws_dynamodb_table.pl_table"
          ]
        },
        {
          "index_key": "Manchester United",
          "schema_version": 0,
          "attributes": {
            "hash_key": "TeamName",
            "id": "PremierLeagueTable|TeamName||Manchester United|",
            "item": "{\"BestPlayer\":{\"S\":\"Bruno Fernandes\"},\"Points\":{\"N\":\"65\"},\"TeamName\":{\"S\":\"Manchester United\"}}",
            "range_key": null,
            "table_name": "PremierLeagueTable"
          },
          "sensitive_attributes": [],
          "identity_schema_version": 0,
          "private": "bnVsbA==",
          "dependencies": [
            "aws_dynamodb_table.pl_table"
          ]
        },
        {
          "index_key": "Newcastle",
          "schema_version": 0,
          "attributes": {
            "hash_key": "TeamName",
            "id": "PremierLeagueTable|TeamName||Newcastle|",
            "item": "{\"BestPlayer\":{\"S\":\"Callum Wilson\"},\"Points\":{\"N\":\"55\"},\"TeamName\":{\"S\":\"Newcastle\"}}",
            "range_key": null,
            "table_name": "PremierLeagueTable"
          },
          "sensitive_attributes": [],
          "identity_schema_version": 0,
          "private": "bnVsbA==",
          "dependencies": [
            "aws_dynamodb_table.pl_table"
          ]
        },
        {
          "index_key": "Nottingham Forest",
          "schema_version": 0,
          "attributes": {
            "hash_key": "TeamName",
            "id": "PremierLeagueTable|TeamName||Nottingham Forest|",
            "item": "{\"BestPlayer\":{\"S\":\"Brennan Johnson\"},\"Points\":{\"N\":\"38\"},\"TeamName\":{\"S\":\"Nottingham Forest\"}}",
            "range_key": null,
            "table_name": "PremierLeagueTable"
          },
          "sensitive_attributes": [],
          "identity_schema_version": 0,
          "private": "bnVsbA==",
          "dependencies": [
            "aws_dynamodb_table.pl_table"
          ]
        },
        {
          "index_key": "Sheffield Utd",
          "schema_version": 0,
          "attributes": {
            "hash_key": "TeamName",
            "id": "PremierLeagueTable|TeamName||Sheffield Utd|",
            "item": "{\"BestPlayer\":{\"S\":\"Sander Berge\"},\"Points\":{\"N\":\"32\"},\"TeamName\":{\"S\":\"Sheffield Utd\"}}",
            "range_key": null,
            "table_name": "PremierLeagueTable"
          },
          "sensitive_attributes": [],
          "identity_schema_version": 0,
          "private": "bnVsbA==",
          "dependencies": [
            "aws_dynamodb_table.pl_table"
          ]
        },
        {
          "index_key": "Southampton",
          "schema_version": 0,
          "attributes": {
            "hash_key": "TeamName",
            "id": "PremierLeagueTable|TeamName||Southampton|",
            "item": "{\"BestPlayer\":{\"S\":\"James Ward-Prowse\"},\"Points\":{\"N\":\"41\"},\"TeamName\":{\"S\":\"Southampton\"}}",
            "range_key": null,
            "table_name": "PremierLeagueTable"
          },
          "sensitive_attributes": [],
          "identity_schema_version": 0,
          "private": "bnVsbA==",
          "dependencies": [
            "aws_dynamodb_table.pl_table"
          ]
        },
        {
          "index_key": "Tottenham",
          "schema_version": 0,
          "attributes": {
            "hash_key": "TeamName",
            "id": "PremierLeagueTable|TeamName||Tottenham|",
            "item": "{\"BestPlayer\":{\"S\":\"Harry Kane\"},\"Points\":{\"N\":\"62\"},\"TeamName\":{\"S\":\"Tottenham\"}}",
            "range_key": null,
            "table_name": "PremierLeagueTable"
          },
          "sensitive_attributes": [],
          "identity_schema_version": 0,
          "private": "bnVsbA==",
          "dependencies": [
            "aws_dynamodb_table.pl_table"
          ]
        },
        {
          "index_key": "West Ham",
          "schema_version": 0,
          "attributes": {
            "hash_key": "TeamName",
            "id": "PremierLeagueTable|TeamName||West Ham|",
            "item": "{\"BestPlayer\":{\"S\":\"Declan Rice\"},\"Points\":{\"N\":\"48\"},\"TeamName\":{\"S\":\"West Ham\"}}",
            "range_key": null,
            "table_name": "PremierLeagueTable"
          },
          "sensitive_attributes": [],
          "identity_schema_version": 0,
          "private": "bnVsbA==",
          "dependencies": [
            "aws_dynamodb_table.pl_table"
          ]
        },
        {
          "index_key": "Wolves",
          "schema_version": 0,
          "attributes": {
            "hash_key": "TeamName",
            "id": "PremierLeagueTable|TeamName||Wolves|",
            "item": "{\"BestPlayer\":{\"S\":\"Ruben Neves\"},\"Points\":{\"N\":\"44\"},\"TeamName\":{\"S\":\"Wolves\"}}",
            "range_key": null,
            "table_name": "PremierLeagueTable"
          },
          "sensitive_attributes": [],
          "identity_schema_version": 0,
          "private": "bnVsbA==",
          "dependencies": [
            "aws_dynamodb_table.pl_table"
          ]
        }
      ]
    }
  ],
  "check_results": null
}
